// !$*UTF8*$!
{
	archiveVersion = 1;
	classes = {
	};
	objectVersion = 46;
	objects = {

/* Begin PBXBuildFile section */
		11480CD1160B6B13E70CCB6A /* Pods_TorontoActivitiesNew.framework in Frameworks */ = {isa = PBXBuildFile; fileRef = 2A8468FDC503F434D1200068 /* Pods_TorontoActivitiesNew.framework */; };
		748314AA1EB2228300173442 /* SessionTableViewCell.swift in Sources */ = {isa = PBXBuildFile; fileRef = 748314A91EB2228300173442 /* SessionTableViewCell.swift */; };
		74BB35521EAEA77700E24D95 /* DetailedViewController.swift in Sources */ = {isa = PBXBuildFile; fileRef = 74BB35511EAEA77700E24D95 /* DetailedViewController.swift */; };
		74D12B7F1EA434A000A5C756 /* AppDelegate.swift in Sources */ = {isa = PBXBuildFile; fileRef = 74D12B7E1EA434A000A5C756 /* AppDelegate.swift */; };
		74D12B811EA434A000A5C756 /* FacilityViewController.swift in Sources */ = {isa = PBXBuildFile; fileRef = 74D12B801EA434A000A5C756 /* FacilityViewController.swift */; };
		74D12B831EA434A000A5C756 /* SessionViewController.swift in Sources */ = {isa = PBXBuildFile; fileRef = 74D12B821EA434A000A5C756 /* SessionViewController.swift */; };
		74D12B861EA434A000A5C756 /* Main.storyboard in Resources */ = {isa = PBXBuildFile; fileRef = 74D12B841EA434A000A5C756 /* Main.storyboard */; };
		74D12B881EA434A000A5C756 /* Assets.xcassets in Resources */ = {isa = PBXBuildFile; fileRef = 74D12B871EA434A000A5C756 /* Assets.xcassets */; };
		74D12B931EA5528400A5C756 /* Facility.swift in Sources */ = {isa = PBXBuildFile; fileRef = 74D12B921EA5528400A5C756 /* Facility.swift */; };
		74D12B971EA57E2700A5C756 /* ArrayTransform.swift in Sources */ = {isa = PBXBuildFile; fileRef = 74D12B961EA57E2700A5C756 /* ArrayTransform.swift */; };
		74D12B991EA5888900A5C756 /* Course.swift in Sources */ = {isa = PBXBuildFile; fileRef = 74D12B981EA5888900A5C756 /* Course.swift */; };
		74D12B9B1EA5889700A5C756 /* Session.swift in Sources */ = {isa = PBXBuildFile; fileRef = 74D12B9A1EA5889700A5C756 /* Session.swift */; };
		74D12B9D1EA5912500A5C756 /* NetworkRequestManager.swift in Sources */ = {isa = PBXBuildFile; fileRef = 74D12B9C1EA5912500A5C756 /* NetworkRequestManager.swift */; };
		74D12B9F1EA5954900A5C756 /* FacilityTableViewCell.swift in Sources */ = {isa = PBXBuildFile; fileRef = 74D12B9E1EA5954900A5C756 /* FacilityTableViewCell.swift */; };
		74D12BA41EA8F34300A5C756 /* LaunchScreen.storyboard in Resources */ = {isa = PBXBuildFile; fileRef = 74D12BA31EA8F34300A5C756 /* LaunchScreen.storyboard */; };
		74D12BA61EA9B0CD00A5C756 /* TAView.swift in Sources */ = {isa = PBXBuildFile; fileRef = 74D12BA51EA9B0CD00A5C756 /* TAView.swift */; };
/* End PBXBuildFile section */

/* Begin PBXFileReference section */
		2A8468FDC503F434D1200068 /* Pods_TorontoActivitiesNew.framework */ = {isa = PBXFileReference; explicitFileType = wrapper.framework; includeInIndex = 0; path = Pods_TorontoActivitiesNew.framework; sourceTree = BUILT_PRODUCTS_DIR; };
		52076702C9598699D610EA3F /* Pods-TorontoActivitiesNew.debug.xcconfig */ = {isa = PBXFileReference; includeInIndex = 1; lastKnownFileType = text.xcconfig; name = "Pods-TorontoActivitiesNew.debug.xcconfig"; path = "Pods/Target Support Files/Pods-TorontoActivitiesNew/Pods-TorontoActivitiesNew.debug.xcconfig"; sourceTree = "<group>"; };
		748314A91EB2228300173442 /* SessionTableViewCell.swift */ = {isa = PBXFileReference; fileEncoding = 4; lastKnownFileType = sourcecode.swift; path = SessionTableViewCell.swift; sourceTree = "<group>"; };
		74BB35511EAEA77700E24D95 /* DetailedViewController.swift */ = {isa = PBXFileReference; fileEncoding = 4; lastKnownFileType = sourcecode.swift; path = DetailedViewController.swift; sourceTree = "<group>"; };
		74D12B7B1EA434A000A5C756 /* TorontoActivitiesNew.app */ = {isa = PBXFileReference; explicitFileType = wrapper.application; includeInIndex = 0; path = TorontoActivitiesNew.app; sourceTree = BUILT_PRODUCTS_DIR; };
		74D12B7E1EA434A000A5C756 /* AppDelegate.swift */ = {isa = PBXFileReference; lastKnownFileType = sourcecode.swift; path = AppDelegate.swift; sourceTree = "<group>"; };
		74D12B801EA434A000A5C756 /* FacilityViewController.swift */ = {isa = PBXFileReference; lastKnownFileType = sourcecode.swift; name = FacilityViewController.swift; path = TorontoActivitiesNew/FacilityViewController.swift; sourceTree = "<group>"; };
		74D12B821EA434A000A5C756 /* SessionViewController.swift */ = {isa = PBXFileReference; lastKnownFileType = sourcecode.swift; name = SessionViewController.swift; path = TorontoActivitiesNew/SessionViewController.swift; sourceTree = "<group>"; };
		74D12B851EA434A000A5C756 /* Base */ = {isa = PBXFileReference; lastKnownFileType = file.storyboard; name = Base; path = Base.lproj/Main.storyboard; sourceTree = "<group>"; };
		74D12B871EA434A000A5C756 /* Assets.xcassets */ = {isa = PBXFileReference; lastKnownFileType = folder.assetcatalog; path = Assets.xcassets; sourceTree = "<group>"; };
		74D12B8C1EA434A000A5C756 /* Info.plist */ = {isa = PBXFileReference; lastKnownFileType = text.plist.xml; path = Info.plist; sourceTree = "<group>"; };
		74D12B921EA5528400A5C756 /* Facility.swift */ = {isa = PBXFileReference; fileEncoding = 4; lastKnownFileType = sourcecode.swift; path = Facility.swift; sourceTree = "<group>"; };
		74D12B961EA57E2700A5C756 /* ArrayTransform.swift */ = {isa = PBXFileReference; fileEncoding = 4; lastKnownFileType = sourcecode.swift; path = ArrayTransform.swift; sourceTree = "<group>"; };
		74D12B981EA5888900A5C756 /* Course.swift */ = {isa = PBXFileReference; fileEncoding = 4; lastKnownFileType = sourcecode.swift; path = Course.swift; sourceTree = "<group>"; };
		74D12B9A1EA5889700A5C756 /* Session.swift */ = {isa = PBXFileReference; fileEncoding = 4; lastKnownFileType = sourcecode.swift; path = Session.swift; sourceTree = "<group>"; };
		74D12B9C1EA5912500A5C756 /* NetworkRequestManager.swift */ = {isa = PBXFileReference; fileEncoding = 4; lastKnownFileType = sourcecode.swift; path = NetworkRequestManager.swift; sourceTree = "<group>"; };
		74D12B9E1EA5954900A5C756 /* FacilityTableViewCell.swift */ = {isa = PBXFileReference; fileEncoding = 4; lastKnownFileType = sourcecode.swift; name = FacilityTableViewCell.swift; path = TorontoActivitiesNew/FacilityTableViewCell.swift; sourceTree = "<group>"; };
		74D12BA31EA8F34300A5C756 /* LaunchScreen.storyboard */ = {isa = PBXFileReference; fileEncoding = 4; lastKnownFileType = file.storyboard; path = LaunchScreen.storyboard; sourceTree = "<group>"; };
		74D12BA51EA9B0CD00A5C756 /* TAView.swift */ = {isa = PBXFileReference; fileEncoding = 4; lastKnownFileType = sourcecode.swift; path = TAView.swift; sourceTree = "<group>"; };
		8080E121BEDCD6A0F9F2AA18 /* Pods-TorontoActivitiesNew.release.xcconfig */ = {isa = PBXFileReference; includeInIndex = 1; lastKnownFileType = text.xcconfig; name = "Pods-TorontoActivitiesNew.release.xcconfig"; path = "Pods/Target Support Files/Pods-TorontoActivitiesNew/Pods-TorontoActivitiesNew.release.xcconfig"; sourceTree = "<group>"; };
/* End PBXFileReference section */

/* Begin PBXFrameworksBuildPhase section */
		74D12B781EA434A000A5C756 /* Frameworks */ = {
			isa = PBXFrameworksBuildPhase;
			buildActionMask = 2147483647;
			files = (
				11480CD1160B6B13E70CCB6A /* Pods_TorontoActivitiesNew.framework in Frameworks */,
			);
			runOnlyForDeploymentPostprocessing = 0;
		};
/* End PBXFrameworksBuildPhase section */

/* Begin PBXGroup section */
		148BA0963478FD23B416B4FD /* Pods */ = {
			isa = PBXGroup;
			children = (
				52076702C9598699D610EA3F /* Pods-TorontoActivitiesNew.debug.xcconfig */,
				8080E121BEDCD6A0F9F2AA18 /* Pods-TorontoActivitiesNew.release.xcconfig */,
			);
			name = Pods;
			sourceTree = "<group>";
		};
		336AC4460A1985D42680F279 /* Frameworks */ = {
			isa = PBXGroup;
			children = (
				2A8468FDC503F434D1200068 /* Pods_TorontoActivitiesNew.framework */,
			);
			name = Frameworks;
			sourceTree = "<group>";
		};
		74D12B721EA434A000A5C756 = {
			isa = PBXGroup;
			children = (
				74D12B7D1EA434A000A5C756 /* TorontoActivitiesNew */,
				74D12B7C1EA434A000A5C756 /* Products */,
				148BA0963478FD23B416B4FD /* Pods */,
				336AC4460A1985D42680F279 /* Frameworks */,
			);
			sourceTree = "<group>";
		};
		74D12B7C1EA434A000A5C756 /* Products */ = {
			isa = PBXGroup;
			children = (
				74D12B7B1EA434A000A5C756 /* TorontoActivitiesNew.app */,
			);
			name = Products;
			sourceTree = "<group>";
		};
		74D12B7D1EA434A000A5C756 /* TorontoActivitiesNew */ = {
			isa = PBXGroup;
			children = (
				74D12B7E1EA434A000A5C756 /* AppDelegate.swift */,
				74D12B841EA434A000A5C756 /* Main.storyboard */,
				74D12B871EA434A000A5C756 /* Assets.xcassets */,
				74D12BA31EA8F34300A5C756 /* LaunchScreen.storyboard */,
				74D12B8C1EA434A000A5C756 /* Info.plist */,
				74D12BA01EA5958000A5C756 /* ViewControllers */,
				74D12BA21EA595BC00A5C756 /* Objects */,
				74D12B961EA57E2700A5C756 /* ArrayTransform.swift */,
				74D12B9C1EA5912500A5C756 /* NetworkRequestManager.swift */,
				74D12BA51EA9B0CD00A5C756 /* TAView.swift */,
			);
			path = TorontoActivitiesNew;
			sourceTree = "<group>";
		};
		74D12BA01EA5958000A5C756 /* ViewControllers */ = {
			isa = PBXGroup;
			children = (
				74D12B801EA434A000A5C756 /* FacilityViewController.swift */,
				74D12B821EA434A000A5C756 /* SessionViewController.swift */,
				74BB35511EAEA77700E24D95 /* DetailedViewController.swift */,
				74D12BA11EA5959B00A5C756 /* TableViewCells */,
			);
			name = ViewControllers;
			path = ..;
			sourceTree = "<group>";
		};
		74D12BA11EA5959B00A5C756 /* TableViewCells */ = {
			isa = PBXGroup;
			children = (
				74D12B9E1EA5954900A5C756 /* FacilityTableViewCell.swift */,
				748314A91EB2228300173442 /* SessionTableViewCell.swift */,
			);
			name = TableViewCells;
			sourceTree = "<group>";
		};
		74D12BA21EA595BC00A5C756 /* Objects */ = {
			isa = PBXGroup;
			children = (
				74D12B921EA5528400A5C756 /* Facility.swift */,
				74D12B981EA5888900A5C756 /* Course.swift */,
				74D12B9A1EA5889700A5C756 /* Session.swift */,
			);
			name = Objects;
			sourceTree = "<group>";
		};
/* End PBXGroup section */

/* Begin PBXNativeTarget section */
		74D12B7A1EA434A000A5C756 /* TorontoActivitiesNew */ = {
			isa = PBXNativeTarget;
			buildConfigurationList = 74D12B8F1EA434A000A5C756 /* Build configuration list for PBXNativeTarget "TorontoActivitiesNew" */;
			buildPhases = (
				31684725D2E0C394B623471C /* [CP] Check Pods Manifest.lock */,
				74D12B771EA434A000A5C756 /* Sources */,
				74D12B781EA434A000A5C756 /* Frameworks */,
				74D12B791EA434A000A5C756 /* Resources */,
				02B23180E6ACC533C1207F68 /* [CP] Embed Pods Frameworks */,
				64D65427CF9A74E3534FFF51 /* [CP] Copy Pods Resources */,
			);
			buildRules = (
			);
			dependencies = (
			);
			name = TorontoActivitiesNew;
			productName = TorontoActivitiesNew;
			productReference = 74D12B7B1EA434A000A5C756 /* TorontoActivitiesNew.app */;
			productType = "com.apple.product-type.application";
		};
/* End PBXNativeTarget section */

/* Begin PBXProject section */
		74D12B731EA434A000A5C756 /* Project object */ = {
			isa = PBXProject;
			attributes = {
				LastSwiftUpdateCheck = 0810;
				LastUpgradeCheck = 0810;
				ORGANIZATIONNAME = "Thomas Alexanian";
				TargetAttributes = {
					74D12B7A1EA434A000A5C756 = {
						CreatedOnToolsVersion = 8.1;
						DevelopmentTeam = E44M545Q67;
						ProvisioningStyle = Automatic;
					};
				};
			};
			buildConfigurationList = 74D12B761EA434A000A5C756 /* Build configuration list for PBXProject "TorontoActivitiesNew" */;
			compatibilityVersion = "Xcode 3.2";
			developmentRegion = English;
			hasScannedForEncodings = 0;
			knownRegions = (
				en,
				Base,
			);
			mainGroup = 74D12B721EA434A000A5C756;
			productRefGroup = 74D12B7C1EA434A000A5C756 /* Products */;
			projectDirPath = "";
			projectRoot = "";
			targets = (
				74D12B7A1EA434A000A5C756 /* TorontoActivitiesNew */,
			);
		};
/* End PBXProject section */

/* Begin PBXResourcesBuildPhase section */
		74D12B791EA434A000A5C756 /* Resources */ = {
			isa = PBXResourcesBuildPhase;
			buildActionMask = 2147483647;
			files = (
				74D12BA41EA8F34300A5C756 /* LaunchScreen.storyboard in Resources */,
				74D12B881EA434A000A5C756 /* Assets.xcassets in Resources */,
				74D12B861EA434A000A5C756 /* Main.storyboard in Resources */,
			);
			runOnlyForDeploymentPostprocessing = 0;
		};
/* End PBXResourcesBuildPhase section */

/* Begin PBXShellScriptBuildPhase section */
		02B23180E6ACC533C1207F68 /* [CP] Embed Pods Frameworks */ = {
			isa = PBXShellScriptBuildPhase;
			buildActionMask = 2147483647;
			files = (
			);
			inputPaths = (
			);
			name = "[CP] Embed Pods Frameworks";
			outputPaths = (
			);
			runOnlyForDeploymentPostprocessing = 0;
			shellPath = /bin/sh;
			shellScript = "\"${SRCROOT}/Pods/Target Support Files/Pods-TorontoActivitiesNew/Pods-TorontoActivitiesNew-frameworks.sh\"\n";
			showEnvVarsInLog = 0;
		};
		31684725D2E0C394B623471C /* [CP] Check Pods Manifest.lock */ = {
			isa = PBXShellScriptBuildPhase;
			buildActionMask = 2147483647;
			files = (
			);
			inputPaths = (
			);
			name = "[CP] Check Pods Manifest.lock";
			outputPaths = (
			);
			runOnlyForDeploymentPostprocessing = 0;
			shellPath = /bin/sh;
			shellScript = "diff \"${PODS_ROOT}/../Podfile.lock\" \"${PODS_ROOT}/Manifest.lock\" > /dev/null\nif [ $? != 0 ] ; then\n    # print error to STDERR\n    echo \"error: The sandbox is not in sync with the Podfile.lock. Run 'pod install' or update your CocoaPods installation.\" >&2\n    exit 1\nfi\n";
			showEnvVarsInLog = 0;
		};
		64D65427CF9A74E3534FFF51 /* [CP] Copy Pods Resources */ = {
			isa = PBXShellScriptBuildPhase;
			buildActionMask = 2147483647;
			files = (
			);
			inputPaths = (
			);
			name = "[CP] Copy Pods Resources";
			outputPaths = (
			);
			runOnlyForDeploymentPostprocessing = 0;
			shellPath = /bin/sh;
			shellScript = "\"${SRCROOT}/Pods/Target Support Files/Pods-TorontoActivitiesNew/Pods-TorontoActivitiesNew-resources.sh\"\n";
			showEnvVarsInLog = 0;
		};
/* End PBXShellScriptBuildPhase section */

/* Begin PBXSourcesBuildPhase section */
		74D12B771EA434A000A5C756 /* Sources */ = {
			isa = PBXSourcesBuildPhase;
			buildActionMask = 2147483647;
			files = (
				748314AA1EB2228300173442 /* SessionTableViewCell.swift in Sources */,
				74D12B9F1EA5954900A5C756 /* FacilityTableViewCell.swift in Sources */,
				74D12B9B1EA5889700A5C756 /* Session.swift in Sources */,
				74D12B991EA5888900A5C756 /* Course.swift in Sources */,
				74BB35521EAEA77700E24D95 /* DetailedViewController.swift in Sources */,
				74D12B831EA434A000A5C756 /* SessionViewController.swift in Sources */,
				74D12B7F1EA434A000A5C756 /* AppDelegate.swift in Sources */,
				74D12BA61EA9B0CD00A5C756 /* TAView.swift in Sources */,
				74D12B9D1EA5912500A5C756 /* NetworkRequestManager.swift in Sources */,
				74D12B931EA5528400A5C756 /* Facility.swift in Sources */,
				74D12B971EA57E2700A5C756 /* ArrayTransform.swift in Sources */,
				74D12B811EA434A000A5C756 /* FacilityViewController.swift in Sources */,
			);
			runOnlyForDeploymentPostprocessing = 0;
		};
/* End PBXSourcesBuildPhase section */

/* Begin PBXVariantGroup section */
		74D12B841EA434A000A5C756 /* Main.storyboard */ = {
			isa = PBXVariantGroup;
			children = (
				74D12B851EA434A000A5C756 /* Base */,
			);
			name = Main.storyboard;
			sourceTree = "<group>";
		};
/* End PBXVariantGroup section */

/* Begin XCBuildConfiguration section */
		74D12B8D1EA434A000A5C756 /* Debug */ = {
			isa = XCBuildConfiguration;
			buildSettings = {
				ALWAYS_SEARCH_USER_PATHS = NO;
				CLANG_ANALYZER_NONNULL = YES;
				CLANG_CXX_LANGUAGE_STANDARD = "gnu++0x";
				CLANG_CXX_LIBRARY = "libc++";
				CLANG_ENABLE_MODULES = YES;
				CLANG_ENABLE_OBJC_ARC = YES;
				CLANG_WARN_BOOL_CONVERSION = YES;
				CLANG_WARN_CONSTANT_CONVERSION = YES;
				CLANG_WARN_DIRECT_OBJC_ISA_USAGE = YES_ERROR;
				CLANG_WARN_DOCUMENTATION_COMMENTS = YES;
				CLANG_WARN_EMPTY_BODY = YES;
				CLANG_WARN_ENUM_CONVERSION = YES;
				CLANG_WARN_INFINITE_RECURSION = YES;
				CLANG_WARN_INT_CONVERSION = YES;
				CLANG_WARN_OBJC_ROOT_CLASS = YES_ERROR;
				CLANG_WARN_SUSPICIOUS_MOVES = YES;
				CLANG_WARN_UNREACHABLE_CODE = YES;
				CLANG_WARN__DUPLICATE_METHOD_MATCH = YES;
				"CODE_SIGN_IDENTITY[sdk=iphoneos*]" = "iPhone Developer";
				COPY_PHASE_STRIP = NO;
				DEBUG_INFORMATION_FORMAT = dwarf;
				ENABLE_STRICT_OBJC_MSGSEND = YES;
				ENABLE_TESTABILITY = YES;
				GCC_C_LANGUAGE_STANDARD = gnu99;
				GCC_DYNAMIC_NO_PIC = NO;
				GCC_NO_COMMON_BLOCKS = YES;
				GCC_OPTIMIZATION_LEVEL = 0;
				GCC_PREPROCESSOR_DEFINITIONS = (
					"DEBUG=1",
					"$(inherited)",
				);
				GCC_WARN_64_TO_32_BIT_CONVERSION = YES;
				GCC_WARN_ABOUT_RETURN_TYPE = YES_ERROR;
				GCC_WARN_UNDECLARED_SELECTOR = YES;
				GCC_WARN_UNINITIALIZED_AUTOS = YES_AGGRESSIVE;
				GCC_WARN_UNUSED_FUNCTION = YES;
				GCC_WARN_UNUSED_VARIABLE = YES;
				IPHONEOS_DEPLOYMENT_TARGET = 10.1;
				MTL_ENABLE_DEBUG_INFO = YES;
				ONLY_ACTIVE_ARCH = YES;
				SDKROOT = iphoneos;
				SWIFT_ACTIVE_COMPILATION_CONDITIONS = DEBUG;
				SWIFT_OPTIMIZATION_LEVEL = "-Onone";
				TARGETED_DEVICE_FAMILY = "1,2";
			};
			name = Debug;
		};
		74D12B8E1EA434A000A5C756 /* Release */ = {
			isa = XCBuildConfiguration;
			buildSettings = {
				ALWAYS_SEARCH_USER_PATHS = NO;
				CLANG_ANALYZER_NONNULL = YES;
				CLANG_CXX_LANGUAGE_STANDARD = "gnu++0x";
				CLANG_CXX_LIBRARY = "libc++";
				CLANG_ENABLE_MODULES = YES;
				CLANG_ENABLE_OBJC_ARC = YES;
				CLANG_WARN_BOOL_CONVERSION = YES;
				CLANG_WARN_CONSTANT_CONVERSION = YES;
				CLANG_WARN_DIRECT_OBJC_ISA_USAGE = YES_ERROR;
				CLANG_WARN_DOCUMENTATION_COMMENTS = YES;
				CLANG_WARN_EMPTY_BODY = YES;
				CLANG_WARN_ENUM_CONVERSION = YES;
				CLANG_WARN_INFINITE_RECURSION = YES;
				CLANG_WARN_INT_CONVERSION = YES;
				CLANG_WARN_OBJC_ROOT_CLASS = YES_ERROR;
				CLANG_WARN_SUSPICIOUS_MOVES = YES;
				CLANG_WARN_UNREACHABLE_CODE = YES;
				CLANG_WARN__DUPLICATE_METHOD_MATCH = YES;
				"CODE_SIGN_IDENTITY[sdk=iphoneos*]" = "iPhone Developer";
				COPY_PHASE_STRIP = NO;
				DEBUG_INFORMATION_FORMAT = "dwarf-with-dsym";
				ENABLE_NS_ASSERTIONS = NO;
				ENABLE_STRICT_OBJC_MSGSEND = YES;
				GCC_C_LANGUAGE_STANDARD = gnu99;
				GCC_NO_COMMON_BLOCKS = YES;
				GCC_WARN_64_TO_32_BIT_CONVERSION = YES;
				GCC_WARN_ABOUT_RETURN_TYPE = YES_ERROR;
				GCC_WARN_UNDECLARED_SELECTOR = YES;
				GCC_WARN_UNINITIALIZED_AUTOS = YES_AGGRESSIVE;
				GCC_WARN_UNUSED_FUNCTION = YES;
				GCC_WARN_UNUSED_VARIABLE = YES;
				IPHONEOS_DEPLOYMENT_TARGET = 10.1;
				MTL_ENABLE_DEBUG_INFO = NO;
				SDKROOT = iphoneos;
				SWIFT_OPTIMIZATION_LEVEL = "-Owholemodule";
				TARGETED_DEVICE_FAMILY = "1,2";
				VALIDATE_PRODUCT = YES;
			};
			name = Release;
		};
		74D12B901EA434A000A5C756 /* Debug */ = {
			isa = XCBuildConfiguration;
			baseConfigurationReference = 52076702C9598699D610EA3F /* Pods-TorontoActivitiesNew.debug.xcconfig */;
			buildSettings = {
				ASSETCATALOG_COMPILER_APPICON_NAME = AppIcon;
				DEVELOPMENT_TEAM = E44M545Q67;
				INFOPLIST_FILE = TorontoActivitiesNew/Info.plist;
				IPHONEOS_DEPLOYMENT_TARGET = 10.1;
				LD_RUNPATH_SEARCH_PATHS = "$(inherited) @executable_path/Frameworks";
				PRODUCT_BUNDLE_IDENTIFIER = ta.TorontoActivitiesNew;
				PRODUCT_NAME = "$(TARGET_NAME)";
				SWIFT_VERSION = 3.0;
			};
			name = Debug;
		};
		74D12B911EA434A000A5C756 /* Release */ = {
			isa = XCBuildConfiguration;
			baseConfigurationReference = 8080E121BEDCD6A0F9F2AA18 /* Pods-TorontoActivitiesNew.release.xcconfig */;
			buildSettings = {
				ASSETCATALOG_COMPILER_APPICON_NAME = AppIcon;
				DEVELOPMENT_TEAM = E44M545Q67;
				INFOPLIST_FILE = TorontoActivitiesNew/Info.plist;
				IPHONEOS_DEPLOYMENT_TARGET = 10.1;
				LD_RUNPATH_SEARCH_PATHS = "$(inherited) @executable_path/Frameworks";
				PRODUCT_BUNDLE_IDENTIFIER = ta.TorontoActivitiesNew;
				PRODUCT_NAME = "$(TARGET_NAME)";
				SWIFT_VERSION = 3.0;
			};
			name = Release;
		};
/* End XCBuildConfiguration section */

/* Begin XCConfigurationList section */
		74D12B761EA434A000A5C756 /* Build configuration list for PBXProject "TorontoActivitiesNew" */ = {
			isa = XCConfigurationList;
			buildConfigurations = (
				74D12B8D1EA434A000A5C756 /* Debug */,
				74D12B8E1EA434A000A5C756 /* Release */,
			);
			defaultConfigurationIsVisible = 0;
			defaultConfigurationName = Release;
		};
		74D12B8F1EA434A000A5C756 /* Build configuration list for PBXNativeTarget "TorontoActivitiesNew" */ = {
			isa = XCConfigurationList;
			buildConfigurations = (
				74D12B901EA434A000A5C756 /* Debug */,
				74D12B911EA434A000A5C756 /* Release */,
			);
			defaultConfigurationIsVisible = 0;
			defaultConfigurationName = Release;
		};
/* End XCConfigurationList section */
	};
	rootObject = 74D12B731EA434A000A5C756 /* Project object */;
}
